
Microsoft Visual Studio Solution File, Format Version 12.00
# Visual Studio Version 16
VisualStudioVersion = 16.0.31624.102
MinimumVisualStudioVersion = 10.0.40219.1
Project("{FAE04EC0-301F-11D3-BF4B-00C04F79EFBC}") = "Agenda", "Agenda\Agenda.csproj", "{76A5691D-DF18-43A2-AC67-39123F0C779B}"
EndProject
Global
	GlobalSection(SolutionConfigurationPlatforms) = preSolution
		Debug|Any CPU = Debug|Any CPU
		Release|Any CPU = Release|Any CPU
	EndGlobalSection
	GlobalSection(ProjectConfigurationPlatforms) = postSolution
		{76A5691D-DF18-43A2-AC67-39123F0C779B}.Debug|Any CPU.ActiveCfg = Debug|Any CPU
		{76A5691D-DF18-43A2-AC67-39123F0C779B}.Debug|Any CPU.Build.0 = Debug|Any CPU
		{76A5691D-DF18-43A2-AC67-39123F0C779B}.Release|Any CPU.ActiveCfg = Release|Any CPU
		{76A5691D-DF18-43A2-AC67-39123F0C779B}.Release|Any CPU.Build.0 = Release|Any CPU
	EndGlobalSection
	GlobalSection(SolutionProperties) = preSolution
		HideSolutionNode = FALSE
	EndGlobalSection
	GlobalSection(ExtensibilityGlobals) = postSolution
		SolutionGuid = {0ED7E4E1-AFCA-4F52-928C-1B1E820D2231}
	EndGlobalSection
EndGlobal
